{
  "name": "daorongzb",
  "version": "0.20.0",
  "lockfileVersion": 1,
  "requires": true,
  "dependencies": {
    "fuzzaldrin": {
      "version": "2.1.0",
      "resolved": "https://registry.npmjs.org/fuzzaldrin/-/fuzzaldrin-2.1.0.tgz",
      "integrity": "sha512-zgllBYwfHR5P3CncJiGbGVPpa3iFYW1yuPaIv8DiTVRrcg5/6uETNL5zvIoKflG1aifXVUZTlIroDehw4WygGA=="
    }
  }
}
